
Microsoft Visual Studio Solution File, Format Version 12.00
# Visual Studio Version 17
VisualStudioVersion = 17.3.32929.385
MinimumVisualStudioVersion = 10.0.40219.1
Project("{FAE04EC0-301F-11D3-BF4B-00C04F79EFBC}") = "PersonalSite", "PersonalSite.csproj", "{DCB9DFD8-88CC-45DC-B9BF-38A0778BC192}"
EndProject
Global
	GlobalSection(SolutionConfigurationPlatforms) = preSolution
		Debug|Any CPU = Debug|Any CPU
		Release|Any CPU = Release|Any CPU
	EndGlobalSection
	GlobalSection(ProjectConfigurationPlatforms) = postSolution
		{DCB9DFD8-88CC-45DC-B9BF-38A0778BC192}.Debug|Any CPU.ActiveCfg = Debug|Any CPU
		{DCB9DFD8-88CC-45DC-B9BF-38A0778BC192}.Debug|Any CPU.Build.0 = Debug|Any CPU
		{DCB9DFD8-88CC-45DC-B9BF-38A0778BC192}.Release|Any CPU.ActiveCfg = Release|Any CPU
		{DCB9DFD8-88CC-45DC-B9BF-38A0778BC192}.Release|Any CPU.Build.0 = Release|Any CPU
	EndGlobalSection
	GlobalSection(SolutionProperties) = preSolution
		HideSolutionNode = FALSE
	EndGlobalSection
	GlobalSection(ExtensibilityGlobals) = postSolution
		SolutionGuid = {B5DAF54C-D891-43DD-911C-C38B9B42BB4D}
	EndGlobalSection
EndGlobal
